{
  "name": "hegel-old-node-tests",
  "version": "0.0.0",
  "lockfileVersion": 3,
  "requires": true,
  "packages": {
    "": {
      "name": "hegel-old-node-tests",
      "version": "0.0.0",
      "dependencies": {
        "@hegeldev/hegel": "file:../.."
      }
    },
    "../..": {
      "name": "@hegeldev/hegel",
      "version": "0.1.0",
      "license": "MIT",
      "dependencies": {
        "cbor-x": "^1.6.0"
      },
      "devDependencies": {
        "@eslint/js": "^10.0.1",
        "@types/node": "^16.18.0",
        "@vitest/coverage-v8": "^4.0.18",
        "eslint": "^10.0.2",
        "prettier": "^3.8.1",
        "tsx": "^4.19.3",
        "typedoc": "^0.28.17",
        "typescript": "^5.9.3",
        "typescript-eslint": "^8.56.1",
        "vitest": "^4.0.18"
      },
      "engines": {
        "node": ">=16.0.0"
      }
    },
    "node_modules/@hegeldev/hegel": {
      "resolved": "../..",
      "link": true
    }
  }
}
